
Microsoft Visual Studio Solution File, Format Version 12.00
# Visual Studio Version 16
VisualStudioVersion = 16.0.29920.165
MinimumVisualStudioVersion = 10.0.40219.1
Project("{FAE04EC0-301F-11D3-BF4B-00C04F79EFBC}") = "PrimerRegistro", "PrimerRegistro\PrimerRegistro.csproj", "{9F643584-9C34-4396-B373-6F8C191EF263}"
EndProject
Global
	GlobalSection(SolutionConfigurationPlatforms) = preSolution
		Debug|Any CPU = Debug|Any CPU
		Release|Any CPU = Release|Any CPU
	EndGlobalSection
	GlobalSection(ProjectConfigurationPlatforms) = postSolution
		{9F643584-9C34-4396-B373-6F8C191EF263}.Debug|Any CPU.ActiveCfg = Debug|Any CPU
		{9F643584-9C34-4396-B373-6F8C191EF263}.Debug|Any CPU.Build.0 = Debug|Any CPU
		{9F643584-9C34-4396-B373-6F8C191EF263}.Release|Any CPU.ActiveCfg = Release|Any CPU
		{9F643584-9C34-4396-B373-6F8C191EF263}.Release|Any CPU.Build.0 = Release|Any CPU
	EndGlobalSection
	GlobalSection(SolutionProperties) = preSolution
		HideSolutionNode = FALSE
	EndGlobalSection
	GlobalSection(ExtensibilityGlobals) = postSolution
		SolutionGuid = {C6C33213-BE23-4A64-A7BB-0E8B3CDEB6CD}
	EndGlobalSection
EndGlobal
